// !$*UTF8*$!
{
	archiveVersion = 1;
	classes = {
	};
	objectVersion = 55;
	objects = {

/* Begin PBXBuildFile section */
		A3001EEA2883FB4A00C8E2DC /* TimeModuleApp.swift in Sources */ = {isa = PBXBuildFile; fileRef = A3001EE92883FB4A00C8E2DC /* TimeModuleApp.swift */; };
		A3001EEC2883FB4A00C8E2DC /* ContentView.swift in Sources */ = {isa = PBXBuildFile; fileRef = A3001EEB2883FB4A00C8E2DC /* ContentView.swift */; };
		A3001EEE2883FB4B00C8E2DC /* Assets.xcassets in Resources */ = {isa = PBXBuildFile; fileRef = A3001EED2883FB4B00C8E2DC /* Assets.xcassets */; };
		A3001EF12883FB4B00C8E2DC /* Preview Assets.xcassets in Resources */ = {isa = PBXBuildFile; fileRef = A3001EF02883FB4B00C8E2DC /* Preview Assets.xcassets */; };
		A3001EFC2883FB4C00C8E2DC /* TimeModuleTests.swift in Sources */ = {isa = PBXBuildFile; fileRef = A3001EFB2883FB4C00C8E2DC /* TimeModuleTests.swift */; };
		A3001F062883FB4C00C8E2DC /* TimeModuleUITests.swift in Sources */ = {isa = PBXBuildFile; fileRef = A3001F052883FB4C00C8E2DC /* TimeModuleUITests.swift */; };
		A3001F082883FB4C00C8E2DC /* TimeModuleUITestsLaunchTests.swift in Sources */ = {isa = PBXBuildFile; fileRef = A3001F072883FB4C00C8E2DC /* TimeModuleUITestsLaunchTests.swift */; };
		A3001F172883FCAF00C8E2DC /* Tester.cpp in Sources */ = {isa = PBXBuildFile; fileRef = A3001F152883FCAF00C8E2DC /* Tester.cpp */; };
		A3001F192883FCF400C8E2DC /* CWrapper.mm in Sources */ = {isa = PBXBuildFile; fileRef = A3001F182883FCF400C8E2DC /* CWrapper.mm */; };
		A3001F3B2884019800C8E2DC /* TimeSystem.cpp in Sources */ = {isa = PBXBuildFile; fileRef = A3001F2F2884019800C8E2DC /* TimeSystem.cpp */; };
		A3001F3C2884019800C8E2DC /* GameTime.cpp in Sources */ = {isa = PBXBuildFile; fileRef = A3001F312884019800C8E2DC /* GameTime.cpp */; };
		A3001F3D2884019800C8E2DC /* TimeUpdater.cpp in Sources */ = {isa = PBXBuildFile; fileRef = A3001F322884019800C8E2DC /* TimeUpdater.cpp */; };
		A3001F3E2884019800C8E2DC /* DateSystem.cpp in Sources */ = {isa = PBXBuildFile; fileRef = A3001F332884019800C8E2DC /* DateSystem.cpp */; };
		A3001F3F2884019800C8E2DC /* TimeRepository.cpp in Sources */ = {isa = PBXBuildFile; fileRef = A3001F342884019800C8E2DC /* TimeRepository.cpp */; };
/* End PBXBuildFile section */

/* Begin PBXContainerItemProxy section */
		A3001EF82883FB4C00C8E2DC /* PBXContainerItemProxy */ = {
			isa = PBXContainerItemProxy;
			containerPortal = A3001EDE2883FB4A00C8E2DC /* Project object */;
			proxyType = 1;
			remoteGlobalIDString = A3001EE52883FB4A00C8E2DC;
			remoteInfo = TimeModule;
		};
		A3001F022883FB4C00C8E2DC /* PBXContainerItemProxy */ = {
			isa = PBXContainerItemProxy;
			containerPortal = A3001EDE2883FB4A00C8E2DC /* Project object */;
			proxyType = 1;
			remoteGlobalIDString = A3001EE52883FB4A00C8E2DC;
			remoteInfo = TimeModule;
		};
/* End PBXContainerItemProxy section */

/* Begin PBXFileReference section */
		A3001EE62883FB4A00C8E2DC /* TimeModuleTester.app */ = {isa = PBXFileReference; explicitFileType = wrapper.application; includeInIndex = 0; path = TimeModuleTester.app; sourceTree = BUILT_PRODUCTS_DIR; };
		A3001EE92883FB4A00C8E2DC /* TimeModuleApp.swift */ = {isa = PBXFileReference; lastKnownFileType = sourcecode.swift; path = TimeModuleApp.swift; sourceTree = "<group>"; };
		A3001EEB2883FB4A00C8E2DC /* ContentView.swift */ = {isa = PBXFileReference; lastKnownFileType = sourcecode.swift; path = ContentView.swift; sourceTree = "<group>"; };
		A3001EED2883FB4B00C8E2DC /* Assets.xcassets */ = {isa = PBXFileReference; lastKnownFileType = folder.assetcatalog; path = Assets.xcassets; sourceTree = "<group>"; };
		A3001EF02883FB4B00C8E2DC /* Preview Assets.xcassets */ = {isa = PBXFileReference; lastKnownFileType = folder.assetcatalog; path = "Preview Assets.xcassets"; sourceTree = "<group>"; };
		A3001EF22883FB4B00C8E2DC /* TimeModule.entitlements */ = {isa = PBXFileReference; lastKnownFileType = text.plist.entitlements; path = TimeModule.entitlements; sourceTree = "<group>"; };
		A3001EF72883FB4C00C8E2DC /* TimeModuleTesterTests.xctest */ = {isa = PBXFileReference; explicitFileType = wrapper.cfbundle; includeInIndex = 0; path = TimeModuleTesterTests.xctest; sourceTree = BUILT_PRODUCTS_DIR; };
		A3001EFB2883FB4C00C8E2DC /* TimeModuleTests.swift */ = {isa = PBXFileReference; lastKnownFileType = sourcecode.swift; path = TimeModuleTests.swift; sourceTree = "<group>"; };
		A3001F012883FB4C00C8E2DC /* TimeModuleTesterUITests.xctest */ = {isa = PBXFileReference; explicitFileType = wrapper.cfbundle; includeInIndex = 0; path = TimeModuleTesterUITests.xctest; sourceTree = BUILT_PRODUCTS_DIR; };
		A3001F052883FB4C00C8E2DC /* TimeModuleUITests.swift */ = {isa = PBXFileReference; lastKnownFileType = sourcecode.swift; path = TimeModuleUITests.swift; sourceTree = "<group>"; };
		A3001F072883FB4C00C8E2DC /* TimeModuleUITestsLaunchTests.swift */ = {isa = PBXFileReference; lastKnownFileType = sourcecode.swift; path = TimeModuleUITestsLaunchTests.swift; sourceTree = "<group>"; };
		A3001F142883FCAE00C8E2DC /* TimeModule-Bridging-Header.h */ = {isa = PBXFileReference; lastKnownFileType = sourcecode.c.h; path = "TimeModule-Bridging-Header.h"; sourceTree = "<group>"; };
		A3001F152883FCAF00C8E2DC /* Tester.cpp */ = {isa = PBXFileReference; lastKnownFileType = sourcecode.cpp.cpp; path = Tester.cpp; sourceTree = "<group>"; };
		A3001F162883FCAF00C8E2DC /* Tester.hpp */ = {isa = PBXFileReference; lastKnownFileType = sourcecode.cpp.h; path = Tester.hpp; sourceTree = "<group>"; };
		A3001F182883FCF400C8E2DC /* CWrapper.mm */ = {isa = PBXFileReference; lastKnownFileType = sourcecode.cpp.objcpp; path = CWrapper.mm; sourceTree = "<group>"; };
		A3001F1A2883FD0700C8E2DC /* CWrapper.h */ = {isa = PBXFileReference; lastKnownFileType = sourcecode.c.h; path = CWrapper.h; sourceTree = "<group>"; };
		A3001F2E2884019800C8E2DC /* TimeRepository.hpp */ = {isa = PBXFileReference; fileEncoding = 4; lastKnownFileType = sourcecode.cpp.h; name = TimeRepository.hpp; path = TimeModule/TimeRepository.hpp; sourceTree = SOURCE_ROOT; };
		A3001F2F2884019800C8E2DC /* TimeSystem.cpp */ = {isa = PBXFileReference; fileEncoding = 4; lastKnownFileType = sourcecode.cpp.cpp; name = TimeSystem.cpp; path = TimeModule/TimeSystem.cpp; sourceTree = SOURCE_ROOT; };
		A3001F302884019800C8E2DC /* RulesForTimeSystem.hpp */ = {isa = PBXFileReference; fileEncoding = 4; lastKnownFileType = sourcecode.cpp.h; name = RulesForTimeSystem.hpp; path = TimeModule/RulesForTimeSystem.hpp; sourceTree = SOURCE_ROOT; };
		A3001F312884019800C8E2DC /* GameTime.cpp */ = {isa = PBXFileReference; fileEncoding = 4; lastKnownFileType = sourcecode.cpp.cpp; name = GameTime.cpp; path = TimeModule/GameTime.cpp; sourceTree = SOURCE_ROOT; };
		A3001F322884019800C8E2DC /* TimeUpdater.cpp */ = {isa = PBXFileReference; fileEncoding = 4; lastKnownFileType = sourcecode.cpp.cpp; name = TimeUpdater.cpp; path = TimeModule/TimeUpdater.cpp; sourceTree = SOURCE_ROOT; };
		A3001F332884019800C8E2DC /* DateSystem.cpp */ = {isa = PBXFileReference; fileEncoding = 4; lastKnownFileType = sourcecode.cpp.cpp; name = DateSystem.cpp; path = TimeModule/DateSystem.cpp; sourceTree = SOURCE_ROOT; };
		A3001F342884019800C8E2DC /* TimeRepository.cpp */ = {isa = PBXFileReference; fileEncoding = 4; lastKnownFileType = sourcecode.cpp.cpp; name = TimeRepository.cpp; path = TimeModule/TimeRepository.cpp; sourceTree = SOURCE_ROOT; };
		A3001F352884019800C8E2DC /* TimeUpdater.hpp */ = {isa = PBXFileReference; fileEncoding = 4; lastKnownFileType = sourcecode.cpp.h; name = TimeUpdater.hpp; path = TimeModule/TimeUpdater.hpp; sourceTree = SOURCE_ROOT; };
		A3001F362884019800C8E2DC /* Game.hpp */ = {isa = PBXFileReference; fileEncoding = 4; lastKnownFileType = sourcecode.cpp.h; name = Game.hpp; path = TimeModule/Game.hpp; sourceTree = SOURCE_ROOT; };
		A3001F372884019800C8E2DC /* GameTime.hpp */ = {isa = PBXFileReference; fileEncoding = 4; lastKnownFileType = sourcecode.cpp.h; name = GameTime.hpp; path = TimeModule/GameTime.hpp; sourceTree = SOURCE_ROOT; };
		A3001F382884019800C8E2DC /* Timer.hpp */ = {isa = PBXFileReference; fileEncoding = 4; lastKnownFileType = sourcecode.cpp.h; name = Timer.hpp; path = TimeModule/Timer.hpp; sourceTree = SOURCE_ROOT; };
		A3001F392884019800C8E2DC /* TimeSystem.hpp */ = {isa = PBXFileReference; fileEncoding = 4; lastKnownFileType = sourcecode.cpp.h; name = TimeSystem.hpp; path = TimeModule/TimeSystem.hpp; sourceTree = SOURCE_ROOT; };
		A3001F3A2884019800C8E2DC /* DateSystem.hpp */ = {isa = PBXFileReference; fileEncoding = 4; lastKnownFileType = sourcecode.cpp.h; name = DateSystem.hpp; path = TimeModule/DateSystem.hpp; sourceTree = SOURCE_ROOT; };
/* End PBXFileReference section */

/* Begin PBXFrameworksBuildPhase section */
		A3001EE32883FB4A00C8E2DC /* Frameworks */ = {
			isa = PBXFrameworksBuildPhase;
			buildActionMask = 2147483647;
			files = (
			);
			runOnlyForDeploymentPostprocessing = 0;
		};
		A3001EF42883FB4C00C8E2DC /* Frameworks */ = {
			isa = PBXFrameworksBuildPhase;
			buildActionMask = 2147483647;
			files = (
			);
			runOnlyForDeploymentPostprocessing = 0;
		};
		A3001EFE2883FB4C00C8E2DC /* Frameworks */ = {
			isa = PBXFrameworksBuildPhase;
			buildActionMask = 2147483647;
			files = (
			);
			runOnlyForDeploymentPostprocessing = 0;
		};
/* End PBXFrameworksBuildPhase section */

/* Begin PBXGroup section */
		A3001EDD2883FB4A00C8E2DC = {
			isa = PBXGroup;
			children = (
				A3001F1B2884017900C8E2DC /* TimeModule */,
				A3001EE82883FB4A00C8E2DC /* TimeModuleTester */,
				A3001EFA2883FB4C00C8E2DC /* TimeModuleTests */,
				A3001F042883FB4C00C8E2DC /* TimeModuleUITests */,
				A3001EE72883FB4A00C8E2DC /* Products */,
			);
			sourceTree = "<group>";
		};
		A3001EE72883FB4A00C8E2DC /* Products */ = {
			isa = PBXGroup;
			children = (
				A3001EE62883FB4A00C8E2DC /* TimeModuleTester.app */,
				A3001EF72883FB4C00C8E2DC /* TimeModuleTesterTests.xctest */,
				A3001F012883FB4C00C8E2DC /* TimeModuleTesterUITests.xctest */,
			);
			name = Products;
			sourceTree = "<group>";
		};
		A3001EE82883FB4A00C8E2DC /* TimeModuleTester */ = {
			isa = PBXGroup;
			children = (
				A3001EE92883FB4A00C8E2DC /* TimeModuleApp.swift */,
				A3001EEB2883FB4A00C8E2DC /* ContentView.swift */,
				A3001F152883FCAF00C8E2DC /* Tester.cpp */,
				A3001F182883FCF400C8E2DC /* CWrapper.mm */,
				A3001F1A2883FD0700C8E2DC /* CWrapper.h */,
				A3001F162883FCAF00C8E2DC /* Tester.hpp */,
				A3001EED2883FB4B00C8E2DC /* Assets.xcassets */,
				A3001EF22883FB4B00C8E2DC /* TimeModule.entitlements */,
				A3001EEF2883FB4B00C8E2DC /* Preview Content */,
				A3001F142883FCAE00C8E2DC /* TimeModule-Bridging-Header.h */,
			);
			path = TimeModuleTester;
			sourceTree = "<group>";
		};
		A3001EEF2883FB4B00C8E2DC /* Preview Content */ = {
			isa = PBXGroup;
			children = (
				A3001EF02883FB4B00C8E2DC /* Preview Assets.xcassets */,
			);
			path = "Preview Content";
			sourceTree = "<group>";
		};
		A3001EFA2883FB4C00C8E2DC /* TimeModuleTests */ = {
			isa = PBXGroup;
			children = (
				A3001EFB2883FB4C00C8E2DC /* TimeModuleTests.swift */,
			);
			path = TimeModuleTests;
			sourceTree = "<group>";
		};
		A3001F042883FB4C00C8E2DC /* TimeModuleUITests */ = {
			isa = PBXGroup;
			children = (
				A3001F052883FB4C00C8E2DC /* TimeModuleUITests.swift */,
				A3001F072883FB4C00C8E2DC /* TimeModuleUITestsLaunchTests.swift */,
			);
			path = TimeModuleUITests;
			sourceTree = "<group>";
		};
		A3001F1B2884017900C8E2DC /* TimeModule */ = {
			isa = PBXGroup;
			children = (
				A3001F332884019800C8E2DC /* DateSystem.cpp */,
				A3001F3A2884019800C8E2DC /* DateSystem.hpp */,
				A3001F362884019800C8E2DC /* Game.hpp */,
				A3001F312884019800C8E2DC /* GameTime.cpp */,
				A3001F372884019800C8E2DC /* GameTime.hpp */,
				A3001F302884019800C8E2DC /* RulesForTimeSystem.hpp */,
				A3001F382884019800C8E2DC /* Timer.hpp */,
				A3001F342884019800C8E2DC /* TimeRepository.cpp */,
				A3001F2E2884019800C8E2DC /* TimeRepository.hpp */,
				A3001F2F2884019800C8E2DC /* TimeSystem.cpp */,
				A3001F392884019800C8E2DC /* TimeSystem.hpp */,
				A3001F322884019800C8E2DC /* TimeUpdater.cpp */,
				A3001F352884019800C8E2DC /* TimeUpdater.hpp */,
			);
			name = TimeModule;
			path = ../TimeModuleTesterDeprecated/TimeModule;
			sourceTree = "<group>";
		};
/* End PBXGroup section */

/* Begin PBXNativeTarget section */
		A3001EE52883FB4A00C8E2DC /* TimeModuleTester */ = {
			isa = PBXNativeTarget;
			buildConfigurationList = A3001F0B2883FB4C00C8E2DC /* Build configuration list for PBXNativeTarget "TimeModuleTester" */;
			buildPhases = (
				A3001EE22883FB4A00C8E2DC /* Sources */,
				A3001EE32883FB4A00C8E2DC /* Frameworks */,
				A3001EE42883FB4A00C8E2DC /* Resources */,
			);
			buildRules = (
			);
			dependencies = (
			);
			name = TimeModuleTester;
			productName = TimeModule;
			productReference = A3001EE62883FB4A00C8E2DC /* TimeModuleTester.app */;
			productType = "com.apple.product-type.application";
		};
		A3001EF62883FB4C00C8E2DC /* TimeModuleTesterTests */ = {
			isa = PBXNativeTarget;
			buildConfigurationList = A3001F0E2883FB4C00C8E2DC /* Build configuration list for PBXNativeTarget "TimeModuleTesterTests" */;
			buildPhases = (
				A3001EF32883FB4C00C8E2DC /* Sources */,
				A3001EF42883FB4C00C8E2DC /* Frameworks */,
				A3001EF52883FB4C00C8E2DC /* Resources */,
			);
			buildRules = (
			);
			dependencies = (
				A3001EF92883FB4C00C8E2DC /* PBXTargetDependency */,
			);
			name = TimeModuleTesterTests;
			productName = TimeModuleTests;
			productReference = A3001EF72883FB4C00C8E2DC /* TimeModuleTesterTests.xctest */;
			productType = "com.apple.product-type.bundle.unit-test";
		};
		A3001F002883FB4C00C8E2DC /* TimeModuleTesterUITests */ = {
			isa = PBXNativeTarget;
			buildConfigurationList = A3001F112883FB4C00C8E2DC /* Build configuration list for PBXNativeTarget "TimeModuleTesterUITests" */;
			buildPhases = (
				A3001EFD2883FB4C00C8E2DC /* Sources */,
				A3001EFE2883FB4C00C8E2DC /* Frameworks */,
				A3001EFF2883FB4C00C8E2DC /* Resources */,
			);
			buildRules = (
			);
			dependencies = (
				A3001F032883FB4C00C8E2DC /* PBXTargetDependency */,
			);
			name = TimeModuleTesterUITests;
			productName = TimeModuleUITests;
			productReference = A3001F012883FB4C00C8E2DC /* TimeModuleTesterUITests.xctest */;
			productType = "com.apple.product-type.bundle.ui-testing";
		};
/* End PBXNativeTarget section */

/* Begin PBXProject section */
		A3001EDE2883FB4A00C8E2DC /* Project object */ = {
			isa = PBXProject;
			attributes = {
				BuildIndependentTargetsInParallel = 1;
				LastSwiftUpdateCheck = 1340;
				LastUpgradeCheck = 1340;
				TargetAttributes = {
					A3001EE52883FB4A00C8E2DC = {
						CreatedOnToolsVersion = 13.4.1;
						LastSwiftMigration = 1340;
					};
					A3001EF62883FB4C00C8E2DC = {
						CreatedOnToolsVersion = 13.4.1;
						TestTargetID = A3001EE52883FB4A00C8E2DC;
					};
					A3001F002883FB4C00C8E2DC = {
						CreatedOnToolsVersion = 13.4.1;
						TestTargetID = A3001EE52883FB4A00C8E2DC;
					};
				};
			};
			buildConfigurationList = A3001EE12883FB4A00C8E2DC /* Build configuration list for PBXProject "TimeModuleTester" */;
			compatibilityVersion = "Xcode 13.0";
			developmentRegion = en;
			hasScannedForEncodings = 0;
			knownRegions = (
				en,
				Base,
			);
			mainGroup = A3001EDD2883FB4A00C8E2DC;
			productRefGroup = A3001EE72883FB4A00C8E2DC /* Products */;
			projectDirPath = "";
			projectRoot = "";
			targets = (
				A3001EE52883FB4A00C8E2DC /* TimeModuleTester */,
				A3001EF62883FB4C00C8E2DC /* TimeModuleTesterTests */,
				A3001F002883FB4C00C8E2DC /* TimeModuleTesterUITests */,
			);
		};
/* End PBXProject section */

/* Begin PBXResourcesBuildPhase section */
		A3001EE42883FB4A00C8E2DC /* Resources */ = {
			isa = PBXResourcesBuildPhase;
			buildActionMask = 2147483647;
			files = (
				A3001EF12883FB4B00C8E2DC /* Preview Assets.xcassets in Resources */,
				A3001EEE2883FB4B00C8E2DC /* Assets.xcassets in Resources */,
			);
			runOnlyForDeploymentPostprocessing = 0;
		};
		A3001EF52883FB4C00C8E2DC /* Resources */ = {
			isa = PBXResourcesBuildPhase;
			buildActionMask = 2147483647;
			files = (
			);
			runOnlyForDeploymentPostprocessing = 0;
		};
		A3001EFF2883FB4C00C8E2DC /* Resources */ = {
			isa = PBXResourcesBuildPhase;
			buildActionMask = 2147483647;
			files = (
			);
			runOnlyForDeploymentPostprocessing = 0;
		};
/* End PBXResourcesBuildPhase section */

/* Begin PBXSourcesBuildPhase section */
		A3001EE22883FB4A00C8E2DC /* Sources */ = {
			isa = PBXSourcesBuildPhase;
			buildActionMask = 2147483647;
			files = (
				A3001F3F2884019800C8E2DC /* TimeRepository.cpp in Sources */,
				A3001F3D2884019800C8E2DC /* TimeUpdater.cpp in Sources */,
				A3001F172883FCAF00C8E2DC /* Tester.cpp in Sources */,
				A3001F3E2884019800C8E2DC /* DateSystem.cpp in Sources */,
				A3001F3B2884019800C8E2DC /* TimeSystem.cpp in Sources */,
				A3001F3C2884019800C8E2DC /* GameTime.cpp in Sources */,
				A3001F192883FCF400C8E2DC /* CWrapper.mm in Sources */,
				A3001EEC2883FB4A00C8E2DC /* ContentView.swift in Sources */,
				A3001EEA2883FB4A00C8E2DC /* TimeModuleApp.swift in Sources */,
			);
			runOnlyForDeploymentPostprocessing = 0;
		};
		A3001EF32883FB4C00C8E2DC /* Sources */ = {
			isa = PBXSourcesBuildPhase;
			buildActionMask = 2147483647;
			files = (
				A3001EFC2883FB4C00C8E2DC /* TimeModuleTests.swift in Sources */,
			);
			runOnlyForDeploymentPostprocessing = 0;
		};
		A3001EFD2883FB4C00C8E2DC /* Sources */ = {
			isa = PBXSourcesBuildPhase;
			buildActionMask = 2147483647;
			files = (
				A3001F062883FB4C00C8E2DC /* TimeModuleUITests.swift in Sources */,
				A3001F082883FB4C00C8E2DC /* TimeModuleUITestsLaunchTests.swift in Sources */,
			);
			runOnlyForDeploymentPostprocessing = 0;
		};
/* End PBXSourcesBuildPhase section */

/* Begin PBXTargetDependency section */
		A3001EF92883FB4C00C8E2DC /* PBXTargetDependency */ = {
			isa = PBXTargetDependency;
			target = A3001EE52883FB4A00C8E2DC /* TimeModuleTester */;
			targetProxy = A3001EF82883FB4C00C8E2DC /* PBXContainerItemProxy */;
		};
		A3001F032883FB4C00C8E2DC /* PBXTargetDependency */ = {
			isa = PBXTargetDependency;
			target = A3001EE52883FB4A00C8E2DC /* TimeModuleTester */;
			targetProxy = A3001F022883FB4C00C8E2DC /* PBXContainerItemProxy */;
		};
/* End PBXTargetDependency section */

/* Begin XCBuildConfiguration section */
		A3001F092883FB4C00C8E2DC /* Debug */ = {
			isa = XCBuildConfiguration;
			buildSettings = {
				ALWAYS_SEARCH_USER_PATHS = NO;
				CLANG_ANALYZER_NONNULL = YES;
				CLANG_ANALYZER_NUMBER_OBJECT_CONVERSION = YES_AGGRESSIVE;
				CLANG_CXX_LANGUAGE_STANDARD = "gnu++17";
				CLANG_ENABLE_MODULES = YES;
				CLANG_ENABLE_OBJC_ARC = YES;
				CLANG_ENABLE_OBJC_WEAK = YES;
				CLANG_WARN_BLOCK_CAPTURE_AUTORELEASING = YES;
				CLANG_WARN_BOOL_CONVERSION = YES;
				CLANG_WARN_COMMA = YES;
				CLANG_WARN_CONSTANT_CONVERSION = YES;
				CLANG_WARN_DEPRECATED_OBJC_IMPLEMENTATIONS = YES;
				CLANG_WARN_DIRECT_OBJC_ISA_USAGE = YES_ERROR;
				CLANG_WARN_DOCUMENTATION_COMMENTS = YES;
				CLANG_WARN_EMPTY_BODY = YES;
				CLANG_WARN_ENUM_CONVERSION = YES;
				CLANG_WARN_INFINITE_RECURSION = YES;
				CLANG_WARN_INT_CONVERSION = YES;
				CLANG_WARN_NON_LITERAL_NULL_CONVERSION = YES;
				CLANG_WARN_OBJC_IMPLICIT_RETAIN_SELF = YES;
				CLANG_WARN_OBJC_LITERAL_CONVERSION = YES;
				CLANG_WARN_OBJC_ROOT_CLASS = YES_ERROR;
				CLANG_WARN_QUOTED_INCLUDE_IN_FRAMEWORK_HEADER = YES;
				CLANG_WARN_RANGE_LOOP_ANALYSIS = YES;
				CLANG_WARN_STRICT_PROTOTYPES = YES;
				CLANG_WARN_SUSPICIOUS_MOVE = YES;
				CLANG_WARN_UNGUARDED_AVAILABILITY = YES_AGGRESSIVE;
				CLANG_WARN_UNREACHABLE_CODE = YES;
				CLANG_WARN__DUPLICATE_METHOD_MATCH = YES;
				COPY_PHASE_STRIP = NO;
				DEBUG_INFORMATION_FORMAT = dwarf;
				ENABLE_STRICT_OBJC_MSGSEND = YES;
				ENABLE_TESTABILITY = YES;
				GCC_C_LANGUAGE_STANDARD = gnu11;
				GCC_DYNAMIC_NO_PIC = NO;
				GCC_NO_COMMON_BLOCKS = YES;
				GCC_OPTIMIZATION_LEVEL = 0;
				GCC_PREPROCESSOR_DEFINITIONS = (
					"DEBUG=1",
					"$(inherited)",
				);
				GCC_WARN_64_TO_32_BIT_CONVERSION = YES;
				GCC_WARN_ABOUT_RETURN_TYPE = YES_ERROR;
				GCC_WARN_UNDECLARED_SELECTOR = YES;
				GCC_WARN_UNINITIALIZED_AUTOS = YES_AGGRESSIVE;
				GCC_WARN_UNUSED_FUNCTION = YES;
				GCC_WARN_UNUSED_VARIABLE = YES;
				MACOSX_DEPLOYMENT_TARGET = 12.3;
				MTL_ENABLE_DEBUG_INFO = INCLUDE_SOURCE;
				MTL_FAST_MATH = YES;
				ONLY_ACTIVE_ARCH = YES;
				SDKROOT = macosx;
				SWIFT_ACTIVE_COMPILATION_CONDITIONS = DEBUG;
				SWIFT_OPTIMIZATION_LEVEL = "-Onone";
			};
			name = Debug;
		};
		A3001F0A2883FB4C00C8E2DC /* Release */ = {
			isa = XCBuildConfiguration;
			buildSettings = {
				ALWAYS_SEARCH_USER_PATHS = NO;
				CLANG_ANALYZER_NONNULL = YES;
				CLANG_ANALYZER_NUMBER_OBJECT_CONVERSION = YES_AGGRESSIVE;
				CLANG_CXX_LANGUAGE_STANDARD = "gnu++17";
				CLANG_ENABLE_MODULES = YES;
				CLANG_ENABLE_OBJC_ARC = YES;
				CLANG_ENABLE_OBJC_WEAK = YES;
				CLANG_WARN_BLOCK_CAPTURE_AUTORELEASING = YES;
				CLANG_WARN_BOOL_CONVERSION = YES;
				CLANG_WARN_COMMA = YES;
				CLANG_WARN_CONSTANT_CONVERSION = YES;
				CLANG_WARN_DEPRECATED_OBJC_IMPLEMENTATIONS = YES;
				CLANG_WARN_DIRECT_OBJC_ISA_USAGE = YES_ERROR;
				CLANG_WARN_DOCUMENTATION_COMMENTS = YES;
				CLANG_WARN_EMPTY_BODY = YES;
				CLANG_WARN_ENUM_CONVERSION = YES;
				CLANG_WARN_INFINITE_RECURSION = YES;
				CLANG_WARN_INT_CONVERSION = YES;
				CLANG_WARN_NON_LITERAL_NULL_CONVERSION = YES;
				CLANG_WARN_OBJC_IMPLICIT_RETAIN_SELF = YES;
				CLANG_WARN_OBJC_LITERAL_CONVERSION = YES;
				CLANG_WARN_OBJC_ROOT_CLASS = YES_ERROR;
				CLANG_WARN_QUOTED_INCLUDE_IN_FRAMEWORK_HEADER = YES;
				CLANG_WARN_RANGE_LOOP_ANALYSIS = YES;
				CLANG_WARN_STRICT_PROTOTYPES = YES;
				CLANG_WARN_SUSPICIOUS_MOVE = YES;
				CLANG_WARN_UNGUARDED_AVAILABILITY = YES_AGGRESSIVE;
				CLANG_WARN_UNREACHABLE_CODE = YES;
				CLANG_WARN__DUPLICATE_METHOD_MATCH = YES;
				COPY_PHASE_STRIP = NO;
				DEBUG_INFORMATION_FORMAT = "dwarf-with-dsym";
				ENABLE_NS_ASSERTIONS = NO;
				ENABLE_STRICT_OBJC_MSGSEND = YES;
				GCC_C_LANGUAGE_STANDARD = gnu11;
				GCC_NO_COMMON_BLOCKS = YES;
				GCC_WARN_64_TO_32_BIT_CONVERSION = YES;
				GCC_WARN_ABOUT_RETURN_TYPE = YES_ERROR;
				GCC_WARN_UNDECLARED_SELECTOR = YES;
				GCC_WARN_UNINITIALIZED_AUTOS = YES_AGGRESSIVE;
				GCC_WARN_UNUSED_FUNCTION = YES;
				GCC_WARN_UNUSED_VARIABLE = YES;
				MACOSX_DEPLOYMENT_TARGET = 12.3;
				MTL_ENABLE_DEBUG_INFO = NO;
				MTL_FAST_MATH = YES;
				SDKROOT = macosx;
				SWIFT_COMPILATION_MODE = wholemodule;
				SWIFT_OPTIMIZATION_LEVEL = "-O";
			};
			name = Release;
		};
		A3001F0C2883FB4C00C8E2DC /* Debug */ = {
			isa = XCBuildConfiguration;
			buildSettings = {
				ASSETCATALOG_COMPILER_APPICON_NAME = AppIcon;
				ASSETCATALOG_COMPILER_GLOBAL_ACCENT_COLOR_NAME = AccentColor;
				CLANG_ENABLE_MODULES = YES;
				CODE_SIGN_STYLE = Automatic;
				COMBINE_HIDPI_IMAGES = YES;
				CURRENT_PROJECT_VERSION = 1;
				DEVELOPMENT_ASSET_PATHS = "\"TimeModuleTester/Preview Content\"";
				DEVELOPMENT_TEAM = ANJ275J4RH;
				ENABLE_HARDENED_RUNTIME = YES;
				ENABLE_PREVIEWS = YES;
				GENERATE_INFOPLIST_FILE = YES;
				INFOPLIST_KEY_NSHumanReadableCopyright = "";
				LD_RUNPATH_SEARCH_PATHS = (
					"$(inherited)",
					"@executable_path/../Frameworks",
				);
				MARKETING_VERSION = 1.0;
				PRODUCT_BUNDLE_IDENTIFIER = janjan.TimeModuleTester;
				PRODUCT_NAME = "$(TARGET_NAME)";
				SWIFT_EMIT_LOC_STRINGS = YES;
				SWIFT_OBJC_BRIDGING_HEADER = "TimeModuleTester/TimeModule-Bridging-Header.h";
				SWIFT_OPTIMIZATION_LEVEL = "-Onone";
				SWIFT_VERSION = 5.0;
			};
			name = Debug;
		};
		A3001F0D2883FB4C00C8E2DC /* Release */ = {
			isa = XCBuildConfiguration;
			buildSettings = {
				ASSETCATALOG_COMPILER_APPICON_NAME = AppIcon;
				ASSETCATALOG_COMPILER_GLOBAL_ACCENT_COLOR_NAME = AccentColor;
				CLANG_ENABLE_MODULES = YES;
				CODE_SIGN_STYLE = Automatic;
				COMBINE_HIDPI_IMAGES = YES;
				CURRENT_PROJECT_VERSION = 1;
				DEVELOPMENT_ASSET_PATHS = "\"TimeModuleTester/Preview Content\"";
				DEVELOPMENT_TEAM = ANJ275J4RH;
				ENABLE_HARDENED_RUNTIME = YES;
				ENABLE_PREVIEWS = YES;
				GENERATE_INFOPLIST_FILE = YES;
				INFOPLIST_KEY_NSHumanReadableCopyright = "";
				LD_RUNPATH_SEARCH_PATHS = (
					"$(inherited)",
					"@executable_path/../Frameworks",
				);
				MARKETING_VERSION = 1.0;
				PRODUCT_BUNDLE_IDENTIFIER = janjan.TimeModuleTester;
				PRODUCT_NAME = "$(TARGET_NAME)";
				SWIFT_EMIT_LOC_STRINGS = YES;
				SWIFT_OBJC_BRIDGING_HEADER = "TimeModuleTester/TimeModule-Bridging-Header.h";
				SWIFT_VERSION = 5.0;
			};
			name = Release;
		};
		A3001F0F2883FB4C00C8E2DC /* Debug */ = {
			isa = XCBuildConfiguration;
			buildSettings = {
				ALWAYS_EMBED_SWIFT_STANDARD_LIBRARIES = YES;
				BUNDLE_LOADER = "$(TEST_HOST)";
				CODE_SIGN_STYLE = Automatic;
				CURRENT_PROJECT_VERSION = 1;
				DEVELOPMENT_TEAM = ANJ275J4RH;
				GENERATE_INFOPLIST_FILE = YES;
				MACOSX_DEPLOYMENT_TARGET = 12.3;
				MARKETING_VERSION = 1.0;
				PRODUCT_BUNDLE_IDENTIFIER = janjan.TimeModuleTests;
				PRODUCT_NAME = "$(TARGET_NAME)";
				SWIFT_EMIT_LOC_STRINGS = NO;
				SWIFT_VERSION = 5.0;
				TEST_HOST = "$(BUILT_PRODUCTS_DIR)/TimeModuleTester.app/Contents/MacOS/TimeModuleTester";
			};
			name = Debug;
		};
		A3001F102883FB4C00C8E2DC /* Release */ = {
			isa = XCBuildConfiguration;
			buildSettings = {
				ALWAYS_EMBED_SWIFT_STANDARD_LIBRARIES = YES;
				BUNDLE_LOADER = "$(TEST_HOST)";
				CODE_SIGN_STYLE = Automatic;
				CURRENT_PROJECT_VERSION = 1;
				DEVELOPMENT_TEAM = ANJ275J4RH;
				GENERATE_INFOPLIST_FILE = YES;
				MACOSX_DEPLOYMENT_TARGET = 12.3;
				MARKETING_VERSION = 1.0;
				PRODUCT_BUNDLE_IDENTIFIER = janjan.TimeModuleTests;
				PRODUCT_NAME = "$(TARGET_NAME)";
				SWIFT_EMIT_LOC_STRINGS = NO;
				SWIFT_VERSION = 5.0;
				TEST_HOST = "$(BUILT_PRODUCTS_DIR)/TimeModuleTester.app/Contents/MacOS/TimeModuleTester";
			};
			name = Release;
		};
		A3001F122883FB4C00C8E2DC /* Debug */ = {
			isa = XCBuildConfiguration;
			buildSettings = {
				ALWAYS_EMBED_SWIFT_STANDARD_LIBRARIES = YES;
				CODE_SIGN_STYLE = Automatic;
				CURRENT_PROJECT_VERSION = 1;
				DEVELOPMENT_TEAM = ANJ275J4RH;
				GENERATE_INFOPLIST_FILE = YES;
				MARKETING_VERSION = 1.0;
				PRODUCT_BUNDLE_IDENTIFIER = janjan.TimeModuleUITests;
				PRODUCT_NAME = "$(TARGET_NAME)";
				SWIFT_EMIT_LOC_STRINGS = NO;
				SWIFT_VERSION = 5.0;
				TEST_TARGET_NAME = TimeModule;
			};
			name = Debug;
		};
		A3001F132883FB4C00C8E2DC /* Release */ = {
			isa = XCBuildConfiguration;
			buildSettings = {
				ALWAYS_EMBED_SWIFT_STANDARD_LIBRARIES = YES;
				CODE_SIGN_STYLE = Automatic;
				CURRENT_PROJECT_VERSION = 1;
				DEVELOPMENT_TEAM = ANJ275J4RH;
				GENERATE_INFOPLIST_FILE = YES;
				MARKETING_VERSION = 1.0;
				PRODUCT_BUNDLE_IDENTIFIER = janjan.TimeModuleUITests;
				PRODUCT_NAME = "$(TARGET_NAME)";
				SWIFT_EMIT_LOC_STRINGS = NO;
				SWIFT_VERSION = 5.0;
				TEST_TARGET_NAME = TimeModule;
			};
			name = Release;
		};
/* End XCBuildConfiguration section */

/* Begin XCConfigurationList section */
		A3001EE12883FB4A00C8E2DC /* Build configuration list for PBXProject "TimeModuleTester" */ = {
			isa = XCConfigurationList;
			buildConfigurations = (
				A3001F092883FB4C00C8E2DC /* Debug */,
				A3001F0A2883FB4C00C8E2DC /* Release */,
			);
			defaultConfigurationIsVisible = 0;
			defaultConfigurationName = Release;
		};
		A3001F0B2883FB4C00C8E2DC /* Build configuration list for PBXNativeTarget "TimeModuleTester" */ = {
			isa = XCConfigurationList;
			buildConfigurations = (
				A3001F0C2883FB4C00C8E2DC /* Debug */,
				A3001F0D2883FB4C00C8E2DC /* Release */,
			);
			defaultConfigurationIsVisible = 0;
			defaultConfigurationName = Release;
		};
		A3001F0E2883FB4C00C8E2DC /* Build configuration list for PBXNativeTarget "TimeModuleTesterTests" */ = {
			isa = XCConfigurationList;
			buildConfigurations = (
				A3001F0F2883FB4C00C8E2DC /* Debug */,
				A3001F102883FB4C00C8E2DC /* Release */,
			);
			defaultConfigurationIsVisible = 0;
			defaultConfigurationName = Release;
		};
		A3001F112883FB4C00C8E2DC /* Build configuration list for PBXNativeTarget "TimeModuleTesterUITests" */ = {
			isa = XCConfigurationList;
			buildConfigurations = (
				A3001F122883FB4C00C8E2DC /* Debug */,
				A3001F132883FB4C00C8E2DC /* Release */,
			);
			defaultConfigurationIsVisible = 0;
			defaultConfigurationName = Release;
		};
/* End XCConfigurationList section */
	};
	rootObject = A3001EDE2883FB4A00C8E2DC /* Project object */;
}
